
Microsoft Visual Studio Solution File, Format Version 12.00
# Visual Studio Version 17
VisualStudioVersion = 17.11.35222.181
MinimumVisualStudioVersion = 10.0.40219.1
Project("{FAE04EC0-301F-11D3-BF4B-00C04F79EFBC}") = "MvcCRUD", "MvcCRUD\MvcCRUD.csproj", "{5582FA07-64D5-44BE-AE25-328AE16251EC}"
EndProject
Global
	GlobalSection(SolutionConfigurationPlatforms) = preSolution
		Debug|Any CPU = Debug|Any CPU
		Release|Any CPU = Release|Any CPU
	EndGlobalSection
	GlobalSection(ProjectConfigurationPlatforms) = postSolution
		{5582FA07-64D5-44BE-AE25-328AE16251EC}.Debug|Any CPU.ActiveCfg = Debug|Any CPU
		{5582FA07-64D5-44BE-AE25-328AE16251EC}.Debug|Any CPU.Build.0 = Debug|Any CPU
		{5582FA07-64D5-44BE-AE25-328AE16251EC}.Release|Any CPU.ActiveCfg = Release|Any CPU
		{5582FA07-64D5-44BE-AE25-328AE16251EC}.Release|Any CPU.Build.0 = Release|Any CPU
	EndGlobalSection
	GlobalSection(SolutionProperties) = preSolution
		HideSolutionNode = FALSE
	EndGlobalSection
	GlobalSection(ExtensibilityGlobals) = postSolution
		SolutionGuid = {668B1A26-407E-4B58-9F80-09CD24D12BE0}
	EndGlobalSection
EndGlobal
